// !$*UTF8*$!
{
	archiveVersion = 1;
	classes = {
	};
	objectVersion = 56;
	objects = {

/* Begin PBXBuildFile section */
		F124EB192B06314800EE6A56 /* HTTPMethod.swift in Sources */ = {isa = PBXBuildFile; fileRef = F124EB182B06314800EE6A56 /* HTTPMethod.swift */; };
		F124EB1B2B06316400EE6A56 /* HTTPStatusCode.swift in Sources */ = {isa = PBXBuildFile; fileRef = F124EB1A2B06316400EE6A56 /* HTTPStatusCode.swift */; };
		F124EB1D2B06319600EE6A56 /* HTTPHeader.swift in Sources */ = {isa = PBXBuildFile; fileRef = F124EB1C2B06319600EE6A56 /* HTTPHeader.swift */; };
		F124EB1F2B0631A700EE6A56 /* HTTPValue.swift in Sources */ = {isa = PBXBuildFile; fileRef = F124EB1E2B0631A700EE6A56 /* HTTPValue.swift */; };
		F124EB222B0631E900EE6A56 /* AnyModel.swift in Sources */ = {isa = PBXBuildFile; fileRef = F124EB212B0631E900EE6A56 /* AnyModel.swift */; };
		F124EB242B06322900EE6A56 /* HTTPClient.swift in Sources */ = {isa = PBXBuildFile; fileRef = F124EB232B06322900EE6A56 /* HTTPClient.swift */; };
		F124EB262B06329A00EE6A56 /* RequestDetails.swift in Sources */ = {isa = PBXBuildFile; fileRef = F124EB252B06329A00EE6A56 /* RequestDetails.swift */; };
		F124EB282B0632C000EE6A56 /* RequestConvertible.swift in Sources */ = {isa = PBXBuildFile; fileRef = F124EB272B0632C000EE6A56 /* RequestConvertible.swift */; };
		F124EB2A2B06336000EE6A56 /* APIError.swift in Sources */ = {isa = PBXBuildFile; fileRef = F124EB292B06336000EE6A56 /* APIError.swift */; };
		F124EB2F2B06368500EE6A56 /* SearchRequest.swift in Sources */ = {isa = PBXBuildFile; fileRef = F124EB2E2B06368500EE6A56 /* SearchRequest.swift */; };
		F124EB312B06382900EE6A56 /* SearchRepositoriesResponse.swift in Sources */ = {isa = PBXBuildFile; fileRef = F124EB302B06382900EE6A56 /* SearchRepositoriesResponse.swift */; };
		F124EB332B06387D00EE6A56 /* RepositoryOwner.swift in Sources */ = {isa = PBXBuildFile; fileRef = F124EB322B06387D00EE6A56 /* RepositoryOwner.swift */; };
		F124EB372B0638D900EE6A56 /* Repository.swift in Sources */ = {isa = PBXBuildFile; fileRef = F124EB362B0638D900EE6A56 /* Repository.swift */; };
		F124EB3E2B06400500EE6A56 /* RepoTableViewCell.swift in Sources */ = {isa = PBXBuildFile; fileRef = F124EB3C2B06400500EE6A56 /* RepoTableViewCell.swift */; };
		F124EB3F2B06400500EE6A56 /* RepoTableViewCell.xib in Resources */ = {isa = PBXBuildFile; fileRef = F124EB3D2B06400500EE6A56 /* RepoTableViewCell.xib */; };
		F124EB422B06464D00EE6A56 /* WebViewController.swift in Sources */ = {isa = PBXBuildFile; fileRef = F124EB402B06464D00EE6A56 /* WebViewController.swift */; };
		F124EB432B06464D00EE6A56 /* WebViewController.xib in Resources */ = {isa = PBXBuildFile; fileRef = F124EB412B06464D00EE6A56 /* WebViewController.xib */; };
		F140BCC82B06307700F7EE35 /* AppDelegate.swift in Sources */ = {isa = PBXBuildFile; fileRef = F140BCC72B06307700F7EE35 /* AppDelegate.swift */; };
		F140BCCA2B06307700F7EE35 /* SceneDelegate.swift in Sources */ = {isa = PBXBuildFile; fileRef = F140BCC92B06307700F7EE35 /* SceneDelegate.swift */; };
		F140BCCC2B06307700F7EE35 /* ViewController.swift in Sources */ = {isa = PBXBuildFile; fileRef = F140BCCB2B06307700F7EE35 /* ViewController.swift */; };
		F140BCCF2B06307700F7EE35 /* Main.storyboard in Resources */ = {isa = PBXBuildFile; fileRef = F140BCCD2B06307700F7EE35 /* Main.storyboard */; };
		F140BCD12B06307900F7EE35 /* Assets.xcassets in Resources */ = {isa = PBXBuildFile; fileRef = F140BCD02B06307900F7EE35 /* Assets.xcassets */; };
		F140BCD42B06307900F7EE35 /* LaunchScreen.storyboard in Resources */ = {isa = PBXBuildFile; fileRef = F140BCD22B06307900F7EE35 /* LaunchScreen.storyboard */; };
/* End PBXBuildFile section */

/* Begin PBXFileReference section */
		F124EB182B06314800EE6A56 /* HTTPMethod.swift */ = {isa = PBXFileReference; lastKnownFileType = sourcecode.swift; path = HTTPMethod.swift; sourceTree = "<group>"; };
		F124EB1A2B06316400EE6A56 /* HTTPStatusCode.swift */ = {isa = PBXFileReference; lastKnownFileType = sourcecode.swift; path = HTTPStatusCode.swift; sourceTree = "<group>"; };
		F124EB1C2B06319600EE6A56 /* HTTPHeader.swift */ = {isa = PBXFileReference; lastKnownFileType = sourcecode.swift; path = HTTPHeader.swift; sourceTree = "<group>"; };
		F124EB1E2B0631A700EE6A56 /* HTTPValue.swift */ = {isa = PBXFileReference; lastKnownFileType = sourcecode.swift; path = HTTPValue.swift; sourceTree = "<group>"; };
		F124EB212B0631E900EE6A56 /* AnyModel.swift */ = {isa = PBXFileReference; lastKnownFileType = sourcecode.swift; path = AnyModel.swift; sourceTree = "<group>"; };
		F124EB232B06322900EE6A56 /* HTTPClient.swift */ = {isa = PBXFileReference; lastKnownFileType = sourcecode.swift; path = HTTPClient.swift; sourceTree = "<group>"; };
		F124EB252B06329A00EE6A56 /* RequestDetails.swift */ = {isa = PBXFileReference; lastKnownFileType = sourcecode.swift; path = RequestDetails.swift; sourceTree = "<group>"; };
		F124EB272B0632C000EE6A56 /* RequestConvertible.swift */ = {isa = PBXFileReference; lastKnownFileType = sourcecode.swift; path = RequestConvertible.swift; sourceTree = "<group>"; };
		F124EB292B06336000EE6A56 /* APIError.swift */ = {isa = PBXFileReference; lastKnownFileType = sourcecode.swift; path = APIError.swift; sourceTree = "<group>"; };
		F124EB2E2B06368500EE6A56 /* SearchRequest.swift */ = {isa = PBXFileReference; lastKnownFileType = sourcecode.swift; path = SearchRequest.swift; sourceTree = "<group>"; };
		F124EB302B06382900EE6A56 /* SearchRepositoriesResponse.swift */ = {isa = PBXFileReference; lastKnownFileType = sourcecode.swift; path = SearchRepositoriesResponse.swift; sourceTree = "<group>"; };
		F124EB322B06387D00EE6A56 /* RepositoryOwner.swift */ = {isa = PBXFileReference; lastKnownFileType = sourcecode.swift; path = RepositoryOwner.swift; sourceTree = "<group>"; };
		F124EB362B0638D900EE6A56 /* Repository.swift */ = {isa = PBXFileReference; lastKnownFileType = sourcecode.swift; path = Repository.swift; sourceTree = "<group>"; };
		F124EB3C2B06400500EE6A56 /* RepoTableViewCell.swift */ = {isa = PBXFileReference; lastKnownFileType = sourcecode.swift; path = RepoTableViewCell.swift; sourceTree = "<group>"; };
		F124EB3D2B06400500EE6A56 /* RepoTableViewCell.xib */ = {isa = PBXFileReference; lastKnownFileType = file.xib; path = RepoTableViewCell.xib; sourceTree = "<group>"; };
		F124EB402B06464D00EE6A56 /* WebViewController.swift */ = {isa = PBXFileReference; lastKnownFileType = sourcecode.swift; path = WebViewController.swift; sourceTree = "<group>"; };
		F124EB412B06464D00EE6A56 /* WebViewController.xib */ = {isa = PBXFileReference; lastKnownFileType = file.xib; path = WebViewController.xib; sourceTree = "<group>"; };
		F140BCC42B06307700F7EE35 /* HTTPClientInterview.app */ = {isa = PBXFileReference; explicitFileType = wrapper.application; includeInIndex = 0; path = HTTPClientInterview.app; sourceTree = BUILT_PRODUCTS_DIR; };
		F140BCC72B06307700F7EE35 /* AppDelegate.swift */ = {isa = PBXFileReference; lastKnownFileType = sourcecode.swift; path = AppDelegate.swift; sourceTree = "<group>"; };
		F140BCC92B06307700F7EE35 /* SceneDelegate.swift */ = {isa = PBXFileReference; lastKnownFileType = sourcecode.swift; path = SceneDelegate.swift; sourceTree = "<group>"; };
		F140BCCB2B06307700F7EE35 /* ViewController.swift */ = {isa = PBXFileReference; lastKnownFileType = sourcecode.swift; path = ViewController.swift; sourceTree = "<group>"; };
		F140BCCE2B06307700F7EE35 /* Base */ = {isa = PBXFileReference; lastKnownFileType = file.storyboard; name = Base; path = Base.lproj/Main.storyboard; sourceTree = "<group>"; };
		F140BCD02B06307900F7EE35 /* Assets.xcassets */ = {isa = PBXFileReference; lastKnownFileType = folder.assetcatalog; path = Assets.xcassets; sourceTree = "<group>"; };
		F140BCD32B06307900F7EE35 /* Base */ = {isa = PBXFileReference; lastKnownFileType = file.storyboard; name = Base; path = Base.lproj/LaunchScreen.storyboard; sourceTree = "<group>"; };
		F140BCD52B06307900F7EE35 /* Info.plist */ = {isa = PBXFileReference; lastKnownFileType = text.plist.xml; path = Info.plist; sourceTree = "<group>"; };
/* End PBXFileReference section */

/* Begin PBXFrameworksBuildPhase section */
		F140BCC12B06307700F7EE35 /* Frameworks */ = {
			isa = PBXFrameworksBuildPhase;
			buildActionMask = 2147483647;
			files = (
			);
			runOnlyForDeploymentPostprocessing = 0;
		};
/* End PBXFrameworksBuildPhase section */

/* Begin PBXGroup section */
		F124EB172B06313100EE6A56 /* HTTPClient */ = {
			isa = PBXGroup;
			children = (
				F124EB182B06314800EE6A56 /* HTTPMethod.swift */,
				F124EB1C2B06319600EE6A56 /* HTTPHeader.swift */,
				F124EB1E2B0631A700EE6A56 /* HTTPValue.swift */,
				F124EB1A2B06316400EE6A56 /* HTTPStatusCode.swift */,
				F124EB232B06322900EE6A56 /* HTTPClient.swift */,
				F124EB292B06336000EE6A56 /* APIError.swift */,
				F124EB252B06329A00EE6A56 /* RequestDetails.swift */,
				F124EB272B0632C000EE6A56 /* RequestConvertible.swift */,
			);
			path = HTTPClient;
			sourceTree = "<group>";
		};
		F124EB202B0631D000EE6A56 /* Models */ = {
			isa = PBXGroup;
			children = (
				F124EB212B0631E900EE6A56 /* AnyModel.swift */,
				F124EB302B06382900EE6A56 /* SearchRepositoriesResponse.swift */,
				F124EB322B06387D00EE6A56 /* RepositoryOwner.swift */,
				F124EB362B0638D900EE6A56 /* Repository.swift */,
			);
			path = Models;
			sourceTree = "<group>";
		};
		F124EB2D2B06367100EE6A56 /* Requests */ = {
			isa = PBXGroup;
			children = (
				F124EB2E2B06368500EE6A56 /* SearchRequest.swift */,
			);
			path = Requests;
			sourceTree = "<group>";
		};
		F140BCBB2B06307700F7EE35 = {
			isa = PBXGroup;
			children = (
				F140BCC62B06307700F7EE35 /* HTTPClientInterview */,
				F140BCC52B06307700F7EE35 /* Products */,
			);
			sourceTree = "<group>";
		};
		F140BCC52B06307700F7EE35 /* Products */ = {
			isa = PBXGroup;
			children = (
				F140BCC42B06307700F7EE35 /* HTTPClientInterview.app */,
			);
			name = Products;
			sourceTree = "<group>";
		};
		F140BCC62B06307700F7EE35 /* HTTPClientInterview */ = {
			isa = PBXGroup;
			children = (
				F124EB2D2B06367100EE6A56 /* Requests */,
				F124EB202B0631D000EE6A56 /* Models */,
				F140BCC72B06307700F7EE35 /* AppDelegate.swift */,
				F140BCC92B06307700F7EE35 /* SceneDelegate.swift */,
				F140BCCB2B06307700F7EE35 /* ViewController.swift */,
				F124EB402B06464D00EE6A56 /* WebViewController.swift */,
				F124EB412B06464D00EE6A56 /* WebViewController.xib */,
				F124EB3C2B06400500EE6A56 /* RepoTableViewCell.swift */,
				F124EB3D2B06400500EE6A56 /* RepoTableViewCell.xib */,
				F124EB172B06313100EE6A56 /* HTTPClient */,
				F140BCCD2B06307700F7EE35 /* Main.storyboard */,
				F140BCD02B06307900F7EE35 /* Assets.xcassets */,
				F140BCD22B06307900F7EE35 /* LaunchScreen.storyboard */,
				F140BCD52B06307900F7EE35 /* Info.plist */,
			);
			path = HTTPClientInterview;
			sourceTree = "<group>";
		};
/* End PBXGroup section */

/* Begin PBXNativeTarget section */
		F140BCC32B06307700F7EE35 /* HTTPClientInterview */ = {
			isa = PBXNativeTarget;
			buildConfigurationList = F140BCD82B06307900F7EE35 /* Build configuration list for PBXNativeTarget "HTTPClientInterview" */;
			buildPhases = (
				F140BCC02B06307700F7EE35 /* Sources */,
				F140BCC12B06307700F7EE35 /* Frameworks */,
				F140BCC22B06307700F7EE35 /* Resources */,
			);
			buildRules = (
			);
			dependencies = (
			);
			name = HTTPClientInterview;
			productName = HTTPClientInterview;
			productReference = F140BCC42B06307700F7EE35 /* HTTPClientInterview.app */;
			productType = "com.apple.product-type.application";
		};
/* End PBXNativeTarget section */

/* Begin PBXProject section */
		F140BCBC2B06307700F7EE35 /* Project object */ = {
			isa = PBXProject;
			attributes = {
				BuildIndependentTargetsInParallel = 1;
				LastSwiftUpdateCheck = 1500;
				LastUpgradeCheck = 1500;
				TargetAttributes = {
					F140BCC32B06307700F7EE35 = {
						CreatedOnToolsVersion = 15.0;
					};
				};
			};
			buildConfigurationList = F140BCBF2B06307700F7EE35 /* Build configuration list for PBXProject "HTTPClientInterview" */;
			compatibilityVersion = "Xcode 14.0";
			developmentRegion = en;
			hasScannedForEncodings = 0;
			knownRegions = (
				en,
				Base,
			);
			mainGroup = F140BCBB2B06307700F7EE35;
			productRefGroup = F140BCC52B06307700F7EE35 /* Products */;
			projectDirPath = "";
			projectRoot = "";
			targets = (
				F140BCC32B06307700F7EE35 /* HTTPClientInterview */,
			);
		};
/* End PBXProject section */

/* Begin PBXResourcesBuildPhase section */
		F140BCC22B06307700F7EE35 /* Resources */ = {
			isa = PBXResourcesBuildPhase;
			buildActionMask = 2147483647;
			files = (
				F140BCD42B06307900F7EE35 /* LaunchScreen.storyboard in Resources */,
				F140BCD12B06307900F7EE35 /* Assets.xcassets in Resources */,
				F140BCCF2B06307700F7EE35 /* Main.storyboard in Resources */,
				F124EB432B06464D00EE6A56 /* WebViewController.xib in Resources */,
				F124EB3F2B06400500EE6A56 /* RepoTableViewCell.xib in Resources */,
			);
			runOnlyForDeploymentPostprocessing = 0;
		};
/* End PBXResourcesBuildPhase section */

/* Begin PBXSourcesBuildPhase section */
		F140BCC02B06307700F7EE35 /* Sources */ = {
			isa = PBXSourcesBuildPhase;
			buildActionMask = 2147483647;
			files = (
				F124EB2F2B06368500EE6A56 /* SearchRequest.swift in Sources */,
				F124EB422B06464D00EE6A56 /* WebViewController.swift in Sources */,
				F124EB3E2B06400500EE6A56 /* RepoTableViewCell.swift in Sources */,
				F124EB1F2B0631A700EE6A56 /* HTTPValue.swift in Sources */,
				F124EB1D2B06319600EE6A56 /* HTTPHeader.swift in Sources */,
				F124EB222B0631E900EE6A56 /* AnyModel.swift in Sources */,
				F124EB332B06387D00EE6A56 /* RepositoryOwner.swift in Sources */,
				F124EB1B2B06316400EE6A56 /* HTTPStatusCode.swift in Sources */,
				F124EB192B06314800EE6A56 /* HTTPMethod.swift in Sources */,
				F124EB2A2B06336000EE6A56 /* APIError.swift in Sources */,
				F124EB242B06322900EE6A56 /* HTTPClient.swift in Sources */,
				F124EB312B06382900EE6A56 /* SearchRepositoriesResponse.swift in Sources */,
				F124EB282B0632C000EE6A56 /* RequestConvertible.swift in Sources */,
				F124EB372B0638D900EE6A56 /* Repository.swift in Sources */,
				F124EB262B06329A00EE6A56 /* RequestDetails.swift in Sources */,
				F140BCCC2B06307700F7EE35 /* ViewController.swift in Sources */,
				F140BCC82B06307700F7EE35 /* AppDelegate.swift in Sources */,
				F140BCCA2B06307700F7EE35 /* SceneDelegate.swift in Sources */,
			);
			runOnlyForDeploymentPostprocessing = 0;
		};
/* End PBXSourcesBuildPhase section */

/* Begin PBXVariantGroup section */
		F140BCCD2B06307700F7EE35 /* Main.storyboard */ = {
			isa = PBXVariantGroup;
			children = (
				F140BCCE2B06307700F7EE35 /* Base */,
			);
			name = Main.storyboard;
			sourceTree = "<group>";
		};
		F140BCD22B06307900F7EE35 /* LaunchScreen.storyboard */ = {
			isa = PBXVariantGroup;
			children = (
				F140BCD32B06307900F7EE35 /* Base */,
			);
			name = LaunchScreen.storyboard;
			sourceTree = "<group>";
		};
/* End PBXVariantGroup section */

/* Begin XCBuildConfiguration section */
		F140BCD62B06307900F7EE35 /* Debug */ = {
			isa = XCBuildConfiguration;
			buildSettings = {
				ALWAYS_SEARCH_USER_PATHS = NO;
				ASSETCATALOG_COMPILER_GENERATE_SWIFT_ASSET_SYMBOL_EXTENSIONS = YES;
				CLANG_ANALYZER_NONNULL = YES;
				CLANG_ANALYZER_NUMBER_OBJECT_CONVERSION = YES_AGGRESSIVE;
				CLANG_CXX_LANGUAGE_STANDARD = "gnu++20";
				CLANG_ENABLE_MODULES = YES;
				CLANG_ENABLE_OBJC_ARC = YES;
				CLANG_ENABLE_OBJC_WEAK = YES;
				CLANG_WARN_BLOCK_CAPTURE_AUTORELEASING = YES;
				CLANG_WARN_BOOL_CONVERSION = YES;
				CLANG_WARN_COMMA = YES;
				CLANG_WARN_CONSTANT_CONVERSION = YES;
				CLANG_WARN_DEPRECATED_OBJC_IMPLEMENTATIONS = YES;
				CLANG_WARN_DIRECT_OBJC_ISA_USAGE = YES_ERROR;
				CLANG_WARN_DOCUMENTATION_COMMENTS = YES;
				CLANG_WARN_EMPTY_BODY = YES;
				CLANG_WARN_ENUM_CONVERSION = YES;
				CLANG_WARN_INFINITE_RECURSION = YES;
				CLANG_WARN_INT_CONVERSION = YES;
				CLANG_WARN_NON_LITERAL_NULL_CONVERSION = YES;
				CLANG_WARN_OBJC_IMPLICIT_RETAIN_SELF = YES;
				CLANG_WARN_OBJC_LITERAL_CONVERSION = YES;
				CLANG_WARN_OBJC_ROOT_CLASS = YES_ERROR;
				CLANG_WARN_QUOTED_INCLUDE_IN_FRAMEWORK_HEADER = YES;
				CLANG_WARN_RANGE_LOOP_ANALYSIS = YES;
				CLANG_WARN_STRICT_PROTOTYPES = YES;
				CLANG_WARN_SUSPICIOUS_MOVE = YES;
				CLANG_WARN_UNGUARDED_AVAILABILITY = YES_AGGRESSIVE;
				CLANG_WARN_UNREACHABLE_CODE = YES;
				CLANG_WARN__DUPLICATE_METHOD_MATCH = YES;
				COPY_PHASE_STRIP = NO;
				DEBUG_INFORMATION_FORMAT = dwarf;
				ENABLE_STRICT_OBJC_MSGSEND = YES;
				ENABLE_TESTABILITY = YES;
				ENABLE_USER_SCRIPT_SANDBOXING = YES;
				GCC_C_LANGUAGE_STANDARD = gnu17;
				GCC_DYNAMIC_NO_PIC = NO;
				GCC_NO_COMMON_BLOCKS = YES;
				GCC_OPTIMIZATION_LEVEL = 0;
				GCC_PREPROCESSOR_DEFINITIONS = (
					"DEBUG=1",
					"$(inherited)",
				);
				GCC_WARN_64_TO_32_BIT_CONVERSION = YES;
				GCC_WARN_ABOUT_RETURN_TYPE = YES_ERROR;
				GCC_WARN_UNDECLARED_SELECTOR = YES;
				GCC_WARN_UNINITIALIZED_AUTOS = YES_AGGRESSIVE;
				GCC_WARN_UNUSED_FUNCTION = YES;
				GCC_WARN_UNUSED_VARIABLE = YES;
				IPHONEOS_DEPLOYMENT_TARGET = 17.0;
				LOCALIZATION_PREFERS_STRING_CATALOGS = YES;
				MTL_ENABLE_DEBUG_INFO = INCLUDE_SOURCE;
				MTL_FAST_MATH = YES;
				ONLY_ACTIVE_ARCH = YES;
				SDKROOT = iphoneos;
				SWIFT_ACTIVE_COMPILATION_CONDITIONS = "DEBUG $(inherited)";
				SWIFT_OPTIMIZATION_LEVEL = "-Onone";
			};
			name = Debug;
		};
		F140BCD72B06307900F7EE35 /* Release */ = {
			isa = XCBuildConfiguration;
			buildSettings = {
				ALWAYS_SEARCH_USER_PATHS = NO;
				ASSETCATALOG_COMPILER_GENERATE_SWIFT_ASSET_SYMBOL_EXTENSIONS = YES;
				CLANG_ANALYZER_NONNULL = YES;
				CLANG_ANALYZER_NUMBER_OBJECT_CONVERSION = YES_AGGRESSIVE;
				CLANG_CXX_LANGUAGE_STANDARD = "gnu++20";
				CLANG_ENABLE_MODULES = YES;
				CLANG_ENABLE_OBJC_ARC = YES;
				CLANG_ENABLE_OBJC_WEAK = YES;
				CLANG_WARN_BLOCK_CAPTURE_AUTORELEASING = YES;
				CLANG_WARN_BOOL_CONVERSION = YES;
				CLANG_WARN_COMMA = YES;
				CLANG_WARN_CONSTANT_CONVERSION = YES;
				CLANG_WARN_DEPRECATED_OBJC_IMPLEMENTATIONS = YES;
				CLANG_WARN_DIRECT_OBJC_ISA_USAGE = YES_ERROR;
				CLANG_WARN_DOCUMENTATION_COMMENTS = YES;
				CLANG_WARN_EMPTY_BODY = YES;
				CLANG_WARN_ENUM_CONVERSION = YES;
				CLANG_WARN_INFINITE_RECURSION = YES;
				CLANG_WARN_INT_CONVERSION = YES;
				CLANG_WARN_NON_LITERAL_NULL_CONVERSION = YES;
				CLANG_WARN_OBJC_IMPLICIT_RETAIN_SELF = YES;
				CLANG_WARN_OBJC_LITERAL_CONVERSION = YES;
				CLANG_WARN_OBJC_ROOT_CLASS = YES_ERROR;
				CLANG_WARN_QUOTED_INCLUDE_IN_FRAMEWORK_HEADER = YES;
				CLANG_WARN_RANGE_LOOP_ANALYSIS = YES;
				CLANG_WARN_STRICT_PROTOTYPES = YES;
				CLANG_WARN_SUSPICIOUS_MOVE = YES;
				CLANG_WARN_UNGUARDED_AVAILABILITY = YES_AGGRESSIVE;
				CLANG_WARN_UNREACHABLE_CODE = YES;
				CLANG_WARN__DUPLICATE_METHOD_MATCH = YES;
				COPY_PHASE_STRIP = NO;
				DEBUG_INFORMATION_FORMAT = "dwarf-with-dsym";
				ENABLE_NS_ASSERTIONS = NO;
				ENABLE_STRICT_OBJC_MSGSEND = YES;
				ENABLE_USER_SCRIPT_SANDBOXING = YES;
				GCC_C_LANGUAGE_STANDARD = gnu17;
				GCC_NO_COMMON_BLOCKS = YES;
				GCC_WARN_64_TO_32_BIT_CONVERSION = YES;
				GCC_WARN_ABOUT_RETURN_TYPE = YES_ERROR;
				GCC_WARN_UNDECLARED_SELECTOR = YES;
				GCC_WARN_UNINITIALIZED_AUTOS = YES_AGGRESSIVE;
				GCC_WARN_UNUSED_FUNCTION = YES;
				GCC_WARN_UNUSED_VARIABLE = YES;
				IPHONEOS_DEPLOYMENT_TARGET = 17.0;
				LOCALIZATION_PREFERS_STRING_CATALOGS = YES;
				MTL_ENABLE_DEBUG_INFO = NO;
				MTL_FAST_MATH = YES;
				SDKROOT = iphoneos;
				SWIFT_COMPILATION_MODE = wholemodule;
				VALIDATE_PRODUCT = YES;
			};
			name = Release;
		};
		F140BCD92B06307900F7EE35 /* Debug */ = {
			isa = XCBuildConfiguration;
			buildSettings = {
				ASSETCATALOG_COMPILER_APPICON_NAME = AppIcon;
				ASSETCATALOG_COMPILER_GLOBAL_ACCENT_COLOR_NAME = AccentColor;
				CODE_SIGN_STYLE = Automatic;
				CURRENT_PROJECT_VERSION = 1;
				DEVELOPMENT_TEAM = QF9TKHN83N;
				GENERATE_INFOPLIST_FILE = YES;
				INFOPLIST_FILE = HTTPClientInterview/Info.plist;
				INFOPLIST_KEY_UIApplicationSupportsIndirectInputEvents = YES;
				INFOPLIST_KEY_UILaunchStoryboardName = LaunchScreen;
				INFOPLIST_KEY_UIMainStoryboardFile = Main;
				INFOPLIST_KEY_UISupportedInterfaceOrientations_iPad = "UIInterfaceOrientationPortrait UIInterfaceOrientationPortraitUpsideDown UIInterfaceOrientationLandscapeLeft UIInterfaceOrientationLandscapeRight";
				INFOPLIST_KEY_UISupportedInterfaceOrientations_iPhone = "UIInterfaceOrientationPortrait UIInterfaceOrientationLandscapeLeft UIInterfaceOrientationLandscapeRight";
				LD_RUNPATH_SEARCH_PATHS = (
					"$(inherited)",
					"@executable_path/Frameworks",
				);
				MARKETING_VERSION = 1.0;
				PRODUCT_BUNDLE_IDENTIFIER = com.ashcenso.HTTPClientInterview;
				PRODUCT_NAME = "$(TARGET_NAME)";
				SWIFT_EMIT_LOC_STRINGS = YES;
				SWIFT_VERSION = 5.0;
				TARGETED_DEVICE_FAMILY = "1,2";
			};
			name = Debug;
		};
		F140BCDA2B06307900F7EE35 /* Release */ = {
			isa = XCBuildConfiguration;
			buildSettings = {
				ASSETCATALOG_COMPILER_APPICON_NAME = AppIcon;
				ASSETCATALOG_COMPILER_GLOBAL_ACCENT_COLOR_NAME = AccentColor;
				CODE_SIGN_STYLE = Automatic;
				CURRENT_PROJECT_VERSION = 1;
				DEVELOPMENT_TEAM = QF9TKHN83N;
				GENERATE_INFOPLIST_FILE = YES;
				INFOPLIST_FILE = HTTPClientInterview/Info.plist;
				INFOPLIST_KEY_UIApplicationSupportsIndirectInputEvents = YES;
				INFOPLIST_KEY_UILaunchStoryboardName = LaunchScreen;
				INFOPLIST_KEY_UIMainStoryboardFile = Main;
				INFOPLIST_KEY_UISupportedInterfaceOrientations_iPad = "UIInterfaceOrientationPortrait UIInterfaceOrientationPortraitUpsideDown UIInterfaceOrientationLandscapeLeft UIInterfaceOrientationLandscapeRight";
				INFOPLIST_KEY_UISupportedInterfaceOrientations_iPhone = "UIInterfaceOrientationPortrait UIInterfaceOrientationLandscapeLeft UIInterfaceOrientationLandscapeRight";
				LD_RUNPATH_SEARCH_PATHS = (
					"$(inherited)",
					"@executable_path/Frameworks",
				);
				MARKETING_VERSION = 1.0;
				PRODUCT_BUNDLE_IDENTIFIER = com.ashcenso.HTTPClientInterview;
				PRODUCT_NAME = "$(TARGET_NAME)";
				SWIFT_EMIT_LOC_STRINGS = YES;
				SWIFT_VERSION = 5.0;
				TARGETED_DEVICE_FAMILY = "1,2";
			};
			name = Release;
		};
/* End XCBuildConfiguration section */

/* Begin XCConfigurationList section */
		F140BCBF2B06307700F7EE35 /* Build configuration list for PBXProject "HTTPClientInterview" */ = {
			isa = XCConfigurationList;
			buildConfigurations = (
				F140BCD62B06307900F7EE35 /* Debug */,
				F140BCD72B06307900F7EE35 /* Release */,
			);
			defaultConfigurationIsVisible = 0;
			defaultConfigurationName = Release;
		};
		F140BCD82B06307900F7EE35 /* Build configuration list for PBXNativeTarget "HTTPClientInterview" */ = {
			isa = XCConfigurationList;
			buildConfigurations = (
				F140BCD92B06307900F7EE35 /* Debug */,
				F140BCDA2B06307900F7EE35 /* Release */,
			);
			defaultConfigurationIsVisible = 0;
			defaultConfigurationName = Release;
		};
/* End XCConfigurationList section */
	};
	rootObject = F140BCBC2B06307700F7EE35 /* Project object */;
}
